// !$*UTF8*$!
{
	archiveVersion = 1;
	classes = {
	};
	objectVersion = 50;
	objects = {

/* Begin PBXBuildFile section */
		3A8ADE8524BE4777001113DD /* AppDelegate.swift in Sources */ = {isa = PBXBuildFile; fileRef = 3A8ADE8424BE4777001113DD /* AppDelegate.swift */; };
		3A8ADE8724BE4777001113DD /* SceneDelegate.swift in Sources */ = {isa = PBXBuildFile; fileRef = 3A8ADE8624BE4777001113DD /* SceneDelegate.swift */; };
		3A8ADE8924BE4777001113DD /* ContentView.swift in Sources */ = {isa = PBXBuildFile; fileRef = 3A8ADE8824BE4777001113DD /* ContentView.swift */; };
		3A8ADE8B24BE4778001113DD /* Assets.xcassets in Resources */ = {isa = PBXBuildFile; fileRef = 3A8ADE8A24BE4778001113DD /* Assets.xcassets */; };
		3A8ADE8E24BE4778001113DD /* Preview Assets.xcassets in Resources */ = {isa = PBXBuildFile; fileRef = 3A8ADE8D24BE4778001113DD /* Preview Assets.xcassets */; };
		3A8ADE9124BE4778001113DD /* LaunchScreen.storyboard in Resources */ = {isa = PBXBuildFile; fileRef = 3A8ADE8F24BE4778001113DD /* LaunchScreen.storyboard */; };
/* End PBXBuildFile section */

/* Begin PBXFileReference section */
		3A8ADE8124BE4777001113DD /* CO Riders.app */ = {isa = PBXFileReference; explicitFileType = wrapper.application; includeInIndex = 0; path = "CO Riders.app"; sourceTree = BUILT_PRODUCTS_DIR; };
		3A8ADE8424BE4777001113DD /* AppDelegate.swift */ = {isa = PBXFileReference; lastKnownFileType = sourcecode.swift; path = AppDelegate.swift; sourceTree = "<group>"; };
		3A8ADE8624BE4777001113DD /* SceneDelegate.swift */ = {isa = PBXFileReference; lastKnownFileType = sourcecode.swift; path = SceneDelegate.swift; sourceTree = "<group>"; };
		3A8ADE8824BE4777001113DD /* ContentView.swift */ = {isa = PBXFileReference; lastKnownFileType = sourcecode.swift; path = ContentView.swift; sourceTree = "<group>"; };
		3A8ADE8A24BE4778001113DD /* Assets.xcassets */ = {isa = PBXFileReference; lastKnownFileType = folder.assetcatalog; path = Assets.xcassets; sourceTree = "<group>"; };
		3A8ADE8D24BE4778001113DD /* Preview Assets.xcassets */ = {isa = PBXFileReference; lastKnownFileType = folder.assetcatalog; path = "Preview Assets.xcassets"; sourceTree = "<group>"; };
		3A8ADE9024BE4778001113DD /* Base */ = {isa = PBXFileReference; lastKnownFileType = file.storyboard; name = Base; path = Base.lproj/LaunchScreen.storyboard; sourceTree = "<group>"; };
		3A8ADE9224BE4778001113DD /* Info.plist */ = {isa = PBXFileReference; lastKnownFileType = text.plist.xml; path = Info.plist; sourceTree = "<group>"; };
/* End PBXFileReference section */

/* Begin PBXFrameworksBuildPhase section */
		3A8ADE7E24BE4777001113DD /* Frameworks */ = {
			isa = PBXFrameworksBuildPhase;
			buildActionMask = 2147483647;
			files = (
			);
			runOnlyForDeploymentPostprocessing = 0;
		};
/* End PBXFrameworksBuildPhase section */

/* Begin PBXGroup section */
		3A8ADE7824BE4777001113DD = {
			isa = PBXGroup;
			children = (
				3A8ADE8324BE4777001113DD /* CO Riders */,
				3A8ADE8224BE4777001113DD /* Products */,
			);
			sourceTree = "<group>";
		};
		3A8ADE8224BE4777001113DD /* Products */ = {
			isa = PBXGroup;
			children = (
				3A8ADE8124BE4777001113DD /* CO Riders.app */,
			);
			name = Products;
			sourceTree = "<group>";
		};
		3A8ADE8324BE4777001113DD /* CO Riders */ = {
			isa = PBXGroup;
			children = (
				3A8ADE8424BE4777001113DD /* AppDelegate.swift */,
				3A8ADE8624BE4777001113DD /* SceneDelegate.swift */,
				3A8ADE8824BE4777001113DD /* ContentView.swift */,
				3A8ADE8A24BE4778001113DD /* Assets.xcassets */,
				3A8ADE8F24BE4778001113DD /* LaunchScreen.storyboard */,
				3A8ADE9224BE4778001113DD /* Info.plist */,
				3A8ADE8C24BE4778001113DD /* Preview Content */,
			);
			path = "CO Riders";
			sourceTree = "<group>";
		};
		3A8ADE8C24BE4778001113DD /* Preview Content */ = {
			isa = PBXGroup;
			children = (
				3A8ADE8D24BE4778001113DD /* Preview Assets.xcassets */,
			);
			path = "Preview Content";
			sourceTree = "<group>";
		};
/* End PBXGroup section */

/* Begin PBXNativeTarget section */
		3A8ADE8024BE4777001113DD /* CO Riders */ = {
			isa = PBXNativeTarget;
			buildConfigurationList = 3A8ADE9524BE4778001113DD /* Build configuration list for PBXNativeTarget "CO Riders" */;
			buildPhases = (
				3A8ADE7D24BE4777001113DD /* Sources */,
				3A8ADE7E24BE4777001113DD /* Frameworks */,
				3A8ADE7F24BE4777001113DD /* Resources */,
			);
			buildRules = (
			);
			dependencies = (
			);
			name = "CO Riders";
			productName = "CO Riders";
			productReference = 3A8ADE8124BE4777001113DD /* CO Riders.app */;
			productType = "com.apple.product-type.application";
		};
/* End PBXNativeTarget section */

/* Begin PBXProject section */
		3A8ADE7924BE4777001113DD /* Project object */ = {
			isa = PBXProject;
			attributes = {
				LastSwiftUpdateCheck = 1150;
				LastUpgradeCheck = 1150;
				ORGANIZATIONNAME = romanov;
				TargetAttributes = {
					3A8ADE8024BE4777001113DD = {
						CreatedOnToolsVersion = 11.5;
					};
				};
			};
			buildConfigurationList = 3A8ADE7C24BE4777001113DD /* Build configuration list for PBXProject "CO Riders" */;
			compatibilityVersion = "Xcode 9.3";
			developmentRegion = en;
			hasScannedForEncodings = 0;
			knownRegions = (
				en,
				Base,
			);
			mainGroup = 3A8ADE7824BE4777001113DD;
			productRefGroup = 3A8ADE8224BE4777001113DD /* Products */;
			projectDirPath = "";
			projectRoot = "";
			targets = (
				3A8ADE8024BE4777001113DD /* CO Riders */,
			);
		};
/* End PBXProject section */

/* Begin PBXResourcesBuildPhase section */
		3A8ADE7F24BE4777001113DD /* Resources */ = {
			isa = PBXResourcesBuildPhase;
			buildActionMask = 2147483647;
			files = (
				3A8ADE9124BE4778001113DD /* LaunchScreen.storyboard in Resources */,
				3A8ADE8E24BE4778001113DD /* Preview Assets.xcassets in Resources */,
				3A8ADE8B24BE4778001113DD /* Assets.xcassets in Resources */,
			);
			runOnlyForDeploymentPostprocessing = 0;
		};
/* End PBXResourcesBuildPhase section */

/* Begin PBXSourcesBuildPhase section */
		3A8ADE7D24BE4777001113DD /* Sources */ = {
			isa = PBXSourcesBuildPhase;
			buildActionMask = 2147483647;
			files = (
				3A8ADE8524BE4777001113DD /* AppDelegate.swift in Sources */,
				3A8ADE8724BE4777001113DD /* SceneDelegate.swift in Sources */,
				3A8ADE8924BE4777001113DD /* ContentView.swift in Sources */,
			);
			runOnlyForDeploymentPostprocessing = 0;
		};
/* End PBXSourcesBuildPhase section */

/* Begin PBXVariantGroup section */
		3A8ADE8F24BE4778001113DD /* LaunchScreen.storyboard */ = {
			isa = PBXVariantGroup;
			children = (
				3A8ADE9024BE4778001113DD /* Base */,
			);
			name = LaunchScreen.storyboard;
			sourceTree = "<group>";
		};
/* End PBXVariantGroup section */

/* Begin XCBuildConfiguration section */
		3A8ADE9324BE4778001113DD /* Debug */ = {
			isa = XCBuildConfiguration;
			buildSettings = {
				ALWAYS_SEARCH_USER_PATHS = NO;
				CLANG_ANALYZER_NONNULL = YES;
				CLANG_ANALYZER_NUMBER_OBJECT_CONVERSION = YES_AGGRESSIVE;
				CLANG_CXX_LANGUAGE_STANDARD = "gnu++14";
				CLANG_CXX_LIBRARY = "libc++";
				CLANG_ENABLE_MODULES = YES;
				CLANG_ENABLE_OBJC_ARC = YES;
				CLANG_ENABLE_OBJC_WEAK = YES;
				CLANG_WARN_BLOCK_CAPTURE_AUTORELEASING = YES;
				CLANG_WARN_BOOL_CONVERSION = YES;
				CLANG_WARN_COMMA = YES;
				CLANG_WARN_CONSTANT_CONVERSION = YES;
				CLANG_WARN_DEPRECATED_OBJC_IMPLEMENTATIONS = YES;
				CLANG_WARN_DIRECT_OBJC_ISA_USAGE = YES_ERROR;
				CLANG_WARN_DOCUMENTATION_COMMENTS = YES;
				CLANG_WARN_EMPTY_BODY = YES;
				CLANG_WARN_ENUM_CONVERSION = YES;
				CLANG_WARN_INFINITE_RECURSION = YES;
				CLANG_WARN_INT_CONVERSION = YES;
				CLANG_WARN_NON_LITERAL_NULL_CONVERSION = YES;
				CLANG_WARN_OBJC_IMPLICIT_RETAIN_SELF = YES;
				CLANG_WARN_OBJC_LITERAL_CONVERSION = YES;
				CLANG_WARN_OBJC_ROOT_CLASS = YES_ERROR;
				CLANG_WARN_RANGE_LOOP_ANALYSIS = YES;
				CLANG_WARN_STRICT_PROTOTYPES = YES;
				CLANG_WARN_SUSPICIOUS_MOVE = YES;
				CLANG_WARN_UNGUARDED_AVAILABILITY = YES_AGGRESSIVE;
				CLANG_WARN_UNREACHABLE_CODE = YES;
				CLANG_WARN__DUPLICATE_METHOD_MATCH = YES;
				COPY_PHASE_STRIP = NO;
				DEBUG_INFORMATION_FORMAT = dwarf;
				ENABLE_STRICT_OBJC_MSGSEND = YES;
				ENABLE_TESTABILITY = YES;
				GCC_C_LANGUAGE_STANDARD = gnu11;
				GCC_DYNAMIC_NO_PIC = NO;
				GCC_NO_COMMON_BLOCKS = YES;
				GCC_OPTIMIZATION_LEVEL = 0;
				GCC_PREPROCESSOR_DEFINITIONS = (
					"DEBUG=1",
					"$(inherited)",
				);
				GCC_WARN_64_TO_32_BIT_CONVERSION = YES;
				GCC_WARN_ABOUT_RETURN_TYPE = YES_ERROR;
				GCC_WARN_UNDECLARED_SELECTOR = YES;
				GCC_WARN_UNINITIALIZED_AUTOS = YES_AGGRESSIVE;
				GCC_WARN_UNUSED_FUNCTION = YES;
				GCC_WARN_UNUSED_VARIABLE = YES;
				IPHONEOS_DEPLOYMENT_TARGET = 13.5;
				MTL_ENABLE_DEBUG_INFO = INCLUDE_SOURCE;
				MTL_FAST_MATH = YES;
				ONLY_ACTIVE_ARCH = YES;
				SDKROOT = iphoneos;
				SWIFT_ACTIVE_COMPILATION_CONDITIONS = DEBUG;
				SWIFT_OPTIMIZATION_LEVEL = "-Onone";
			};
			name = Debug;
		};
		3A8ADE9424BE4778001113DD /* Release */ = {
			isa = XCBuildConfiguration;
			buildSettings = {
				ALWAYS_SEARCH_USER_PATHS = NO;
				CLANG_ANALYZER_NONNULL = YES;
				CLANG_ANALYZER_NUMBER_OBJECT_CONVERSION = YES_AGGRESSIVE;
				CLANG_CXX_LANGUAGE_STANDARD = "gnu++14";
				CLANG_CXX_LIBRARY = "libc++";
				CLANG_ENABLE_MODULES = YES;
				CLANG_ENABLE_OBJC_ARC = YES;
				CLANG_ENABLE_OBJC_WEAK = YES;
				CLANG_WARN_BLOCK_CAPTURE_AUTORELEASING = YES;
				CLANG_WARN_BOOL_CONVERSION = YES;
				CLANG_WARN_COMMA = YES;
				CLANG_WARN_CONSTANT_CONVERSION = YES;
				CLANG_WARN_DEPRECATED_OBJC_IMPLEMENTATIONS = YES;
				CLANG_WARN_DIRECT_OBJC_ISA_USAGE = YES_ERROR;
				CLANG_WARN_DOCUMENTATION_COMMENTS = YES;
				CLANG_WARN_EMPTY_BODY = YES;
				CLANG_WARN_ENUM_CONVERSION = YES;
				CLANG_WARN_INFINITE_RECURSION = YES;
				CLANG_WARN_INT_CONVERSION = YES;
				CLANG_WARN_NON_LITERAL_NULL_CONVERSION = YES;
				CLANG_WARN_OBJC_IMPLICIT_RETAIN_SELF = YES;
				CLANG_WARN_OBJC_LITERAL_CONVERSION = YES;
				CLANG_WARN_OBJC_ROOT_CLASS = YES_ERROR;
				CLANG_WARN_RANGE_LOOP_ANALYSIS = YES;
				CLANG_WARN_STRICT_PROTOTYPES = YES;
				CLANG_WARN_SUSPICIOUS_MOVE = YES;
				CLANG_WARN_UNGUARDED_AVAILABILITY = YES_AGGRESSIVE;
				CLANG_WARN_UNREACHABLE_CODE = YES;
				CLANG_WARN__DUPLICATE_METHOD_MATCH = YES;
				COPY_PHASE_STRIP = NO;
				DEBUG_INFORMATION_FORMAT = "dwarf-with-dsym";
				ENABLE_NS_ASSERTIONS = NO;
				ENABLE_STRICT_OBJC_MSGSEND = YES;
				GCC_C_LANGUAGE_STANDARD = gnu11;
				GCC_NO_COMMON_BLOCKS = YES;
				GCC_WARN_64_TO_32_BIT_CONVERSION = YES;
				GCC_WARN_ABOUT_RETURN_TYPE = YES_ERROR;
				GCC_WARN_UNDECLARED_SELECTOR = YES;
				GCC_WARN_UNINITIALIZED_AUTOS = YES_AGGRESSIVE;
				GCC_WARN_UNUSED_FUNCTION = YES;
				GCC_WARN_UNUSED_VARIABLE = YES;
				IPHONEOS_DEPLOYMENT_TARGET = 13.5;
				MTL_ENABLE_DEBUG_INFO = NO;
				MTL_FAST_MATH = YES;
				SDKROOT = iphoneos;
				SWIFT_COMPILATION_MODE = wholemodule;
				SWIFT_OPTIMIZATION_LEVEL = "-O";
				VALIDATE_PRODUCT = YES;
			};
			name = Release;
		};
		3A8ADE9624BE4778001113DD /* Debug */ = {
			isa = XCBuildConfiguration;
			buildSettings = {
				ASSETCATALOG_COMPILER_APPICON_NAME = AppIcon;
				CODE_SIGN_STYLE = Automatic;
				DEVELOPMENT_ASSET_PATHS = "\"CO Riders/Preview Content\"";
				DEVELOPMENT_TEAM = VF3N89U52T;
				ENABLE_PREVIEWS = YES;
				INFOPLIST_FILE = "CO Riders/Info.plist";
				LD_RUNPATH_SEARCH_PATHS = (
					"$(inherited)",
					"@executable_path/Frameworks",
				);
				PRODUCT_BUNDLE_IDENTIFIER = "cc.romanov.CO-Riders";
				PRODUCT_NAME = "$(TARGET_NAME)";
				SWIFT_VERSION = 5.0;
				TARGETED_DEVICE_FAMILY = "1,2";
			};
			name = Debug;
		};
		3A8ADE9724BE4778001113DD /* Release */ = {
			isa = XCBuildConfiguration;
			buildSettings = {
				ASSETCATALOG_COMPILER_APPICON_NAME = AppIcon;
				CODE_SIGN_STYLE = Automatic;
				DEVELOPMENT_ASSET_PATHS = "\"CO Riders/Preview Content\"";
				DEVELOPMENT_TEAM = VF3N89U52T;
				ENABLE_PREVIEWS = YES;
				INFOPLIST_FILE = "CO Riders/Info.plist";
				LD_RUNPATH_SEARCH_PATHS = (
					"$(inherited)",
					"@executable_path/Frameworks",
				);
				PRODUCT_BUNDLE_IDENTIFIER = "cc.romanov.CO-Riders";
				PRODUCT_NAME = "$(TARGET_NAME)";
				SWIFT_VERSION = 5.0;
				TARGETED_DEVICE_FAMILY = "1,2";
			};
			name = Release;
		};
/* End XCBuildConfiguration section */

/* Begin XCConfigurationList section */
		3A8ADE7C24BE4777001113DD /* Build configuration list for PBXProject "CO Riders" */ = {
			isa = XCConfigurationList;
			buildConfigurations = (
				3A8ADE9324BE4778001113DD /* Debug */,
				3A8ADE9424BE4778001113DD /* Release */,
			);
			defaultConfigurationIsVisible = 0;
			defaultConfigurationName = Release;
		};
		3A8ADE9524BE4778001113DD /* Build configuration list for PBXNativeTarget "CO Riders" */ = {
			isa = XCConfigurationList;
			buildConfigurations = (
				3A8ADE9624BE4778001113DD /* Debug */,
				3A8ADE9724BE4778001113DD /* Release */,
			);
			defaultConfigurationIsVisible = 0;
			defaultConfigurationName = Release;
		};
/* End XCConfigurationList section */
	};
	rootObject = 3A8ADE7924BE4777001113DD /* Project object */;
}
